
Microsoft Visual Studio Solution File, Format Version 12.00
# Visual Studio Version 16
VisualStudioVersion = 16.0.810.6
MinimumVisualStudioVersion = 10.0.40219.1
Project("{FAE04EC0-301F-11D3-BF4B-00C04F79EFBC}") = "LoanCalcMVC", "LoanCalcMVC.csproj", "{6A09704B-C358-4CD7-9C28-2FBFEDBB1035}"
EndProject
Global
	GlobalSection(SolutionConfigurationPlatforms) = preSolution
		Debug|Any CPU = Debug|Any CPU
		Release|Any CPU = Release|Any CPU
	EndGlobalSection
	GlobalSection(ProjectConfigurationPlatforms) = postSolution
		{6A09704B-C358-4CD7-9C28-2FBFEDBB1035}.Debug|Any CPU.ActiveCfg = Debug|Any CPU
		{6A09704B-C358-4CD7-9C28-2FBFEDBB1035}.Debug|Any CPU.Build.0 = Debug|Any CPU
		{6A09704B-C358-4CD7-9C28-2FBFEDBB1035}.Release|Any CPU.ActiveCfg = Release|Any CPU
		{6A09704B-C358-4CD7-9C28-2FBFEDBB1035}.Release|Any CPU.Build.0 = Release|Any CPU
	EndGlobalSection
	GlobalSection(SolutionProperties) = preSolution
		HideSolutionNode = FALSE
	EndGlobalSection
	GlobalSection(ExtensibilityGlobals) = postSolution
		SolutionGuid = {C4831A3A-0D86-4E6A-AAF2-8E7A735F7081}
	EndGlobalSection
EndGlobal
